
Microsoft Visual Studio Solution File, Format Version 12.00
# Visual Studio 15
VisualStudioVersion = 15.0.27130.2026
MinimumVisualStudioVersion = 10.0.40219.1
Project("{FAE04EC0-301F-11D3-BF4B-00C04F79EFBC}") = "CheckTests", "CheckTests.csproj", "{2D681A36-E1AA-44D6-8068-D17995785667}"
EndProject
Project("{FAE04EC0-301F-11D3-BF4B-00C04F79EFBC}") = "TestProject", "TestProject\TestProject.csproj", "{1046309A-1AC6-4EC1-846D-0A2C0552D186}"
EndProject
Global
	GlobalSection(SolutionConfigurationPlatforms) = preSolution
		Debug|Any CPU = Debug|Any CPU
		Release|Any CPU = Release|Any CPU
	EndGlobalSection
	GlobalSection(ProjectConfigurationPlatforms) = postSolution
		{2D681A36-E1AA-44D6-8068-D17995785667}.Debug|Any CPU.ActiveCfg = Debug|Any CPU
		{2D681A36-E1AA-44D6-8068-D17995785667}.Debug|Any CPU.Build.0 = Debug|Any CPU
		{2D681A36-E1AA-44D6-8068-D17995785667}.Release|Any CPU.ActiveCfg = Release|Any CPU
		{2D681A36-E1AA-44D6-8068-D17995785667}.Release|Any CPU.Build.0 = Release|Any CPU
		{1046309A-1AC6-4EC1-846D-0A2C0552D186}.Debug|Any CPU.ActiveCfg = Debug|Any CPU
		{1046309A-1AC6-4EC1-846D-0A2C0552D186}.Debug|Any CPU.Build.0 = Debug|Any CPU
		{1046309A-1AC6-4EC1-846D-0A2C0552D186}.Release|Any CPU.ActiveCfg = Release|Any CPU
		{1046309A-1AC6-4EC1-846D-0A2C0552D186}.Release|Any CPU.Build.0 = Release|Any CPU
	EndGlobalSection
	GlobalSection(SolutionProperties) = preSolution
		HideSolutionNode = FALSE
	EndGlobalSection
	GlobalSection(ExtensibilityGlobals) = postSolution
		SolutionGuid = {5D48DB15-65BF-4071-802B-D12525AA37F5}
	EndGlobalSection
EndGlobal
